// !$*UTF8*$!
{
	archiveVersion = 1;
	classes = {
	};
	objectVersion = 50;
	objects = {

/* Begin PBXBuildFile section */
		18E488B38433798E8DA3CD6F /* Pods_PennLabsDining.framework in Frameworks */ = {isa = PBXBuildFile; fileRef = D3B687D81D0425E8E4ED5CF2 /* Pods_PennLabsDining.framework */; };
		8177890625050F6656A2E620 /* Pods_PennLabsDiningUITests.framework in Frameworks */ = {isa = PBXBuildFile; fileRef = D473FCA22ADD5AAE315D98C5 /* Pods_PennLabsDiningUITests.framework */; };
		A3714E3E2156A2CB00416B2F /* AppDelegate.swift in Sources */ = {isa = PBXBuildFile; fileRef = A3714E3D2156A2CB00416B2F /* AppDelegate.swift */; };
		A3714E402156A2CB00416B2F /* ViewController.swift in Sources */ = {isa = PBXBuildFile; fileRef = A3714E3F2156A2CB00416B2F /* ViewController.swift */; };
		A3714E432156A2CB00416B2F /* Main.storyboard in Resources */ = {isa = PBXBuildFile; fileRef = A3714E412156A2CB00416B2F /* Main.storyboard */; };
		A3714E452156A2CE00416B2F /* Assets.xcassets in Resources */ = {isa = PBXBuildFile; fileRef = A3714E442156A2CE00416B2F /* Assets.xcassets */; };
		A3714E482156A2CE00416B2F /* LaunchScreen.storyboard in Resources */ = {isa = PBXBuildFile; fileRef = A3714E462156A2CE00416B2F /* LaunchScreen.storyboard */; };
		A3714E532156A2CE00416B2F /* PennLabsDiningTests.swift in Sources */ = {isa = PBXBuildFile; fileRef = A3714E522156A2CE00416B2F /* PennLabsDiningTests.swift */; };
		A3714E5E2156A2CE00416B2F /* PennLabsDiningUITests.swift in Sources */ = {isa = PBXBuildFile; fileRef = A3714E5D2156A2CE00416B2F /* PennLabsDiningUITests.swift */; };
		A3AF4A7721570DDC00AB1A2C /* GymTableViewCell.swift in Sources */ = {isa = PBXBuildFile; fileRef = A3AF4A7621570DDC00AB1A2C /* GymTableViewCell.swift */; };
		A3AF4A7D2158414400AB1A2C /* climbing.jpg in Resources */ = {isa = PBXBuildFile; fileRef = A3AF4A782158414400AB1A2C /* climbing.jpg */; };
		A3AF4A7E2158414400AB1A2C /* sheerr.jpg in Resources */ = {isa = PBXBuildFile; fileRef = A3AF4A792158414400AB1A2C /* sheerr.jpg */; };
		A3AF4A7F2158414400AB1A2C /* ringe.jpg in Resources */ = {isa = PBXBuildFile; fileRef = A3AF4A7A2158414400AB1A2C /* ringe.jpg */; };
		A3AF4A802158414400AB1A2C /* rockwell.jpg in Resources */ = {isa = PBXBuildFile; fileRef = A3AF4A7B2158414400AB1A2C /* rockwell.jpg */; };
		A3AF4A812158414400AB1A2C /* fox.jpg in Resources */ = {isa = PBXBuildFile; fileRef = A3AF4A7C2158414400AB1A2C /* fox.jpg */; };
		E46F00C09D03FD7937862B51 /* Pods_PennLabsDiningTests.framework in Frameworks */ = {isa = PBXBuildFile; fileRef = 700A88079236AE74B7F076D8 /* Pods_PennLabsDiningTests.framework */; };
/* End PBXBuildFile section */

/* Begin PBXContainerItemProxy section */
		A3714E4F2156A2CE00416B2F /* PBXContainerItemProxy */ = {
			isa = PBXContainerItemProxy;
			containerPortal = A3714E322156A2CB00416B2F /* Project object */;
			proxyType = 1;
			remoteGlobalIDString = A3714E392156A2CB00416B2F;
			remoteInfo = PennLabsDining;
		};
		A3714E5A2156A2CE00416B2F /* PBXContainerItemProxy */ = {
			isa = PBXContainerItemProxy;
			containerPortal = A3714E322156A2CB00416B2F /* Project object */;
			proxyType = 1;
			remoteGlobalIDString = A3714E392156A2CB00416B2F;
			remoteInfo = PennLabsDining;
		};
/* End PBXContainerItemProxy section */

/* Begin PBXFileReference section */
		098367CE775477F6942EA410 /* Pods-PennLabsDiningTests.release.xcconfig */ = {isa = PBXFileReference; includeInIndex = 1; lastKnownFileType = text.xcconfig; name = "Pods-PennLabsDiningTests.release.xcconfig"; path = "Pods/Target Support Files/Pods-PennLabsDiningTests/Pods-PennLabsDiningTests.release.xcconfig"; sourceTree = "<group>"; };
		25C59CA3D84B815240B9F241 /* Pods-PennLabsDiningUITests.release.xcconfig */ = {isa = PBXFileReference; includeInIndex = 1; lastKnownFileType = text.xcconfig; name = "Pods-PennLabsDiningUITests.release.xcconfig"; path = "Pods/Target Support Files/Pods-PennLabsDiningUITests/Pods-PennLabsDiningUITests.release.xcconfig"; sourceTree = "<group>"; };
		334BDA14EF76CC814837CD1E /* Pods-PennLabsDining.release.xcconfig */ = {isa = PBXFileReference; includeInIndex = 1; lastKnownFileType = text.xcconfig; name = "Pods-PennLabsDining.release.xcconfig"; path = "Pods/Target Support Files/Pods-PennLabsDining/Pods-PennLabsDining.release.xcconfig"; sourceTree = "<group>"; };
		700A88079236AE74B7F076D8 /* Pods_PennLabsDiningTests.framework */ = {isa = PBXFileReference; explicitFileType = wrapper.framework; includeInIndex = 0; path = Pods_PennLabsDiningTests.framework; sourceTree = BUILT_PRODUCTS_DIR; };
		A3714E3A2156A2CB00416B2F /* PennLabsDining.app */ = {isa = PBXFileReference; explicitFileType = wrapper.application; includeInIndex = 0; path = PennLabsDining.app; sourceTree = BUILT_PRODUCTS_DIR; };
		A3714E3D2156A2CB00416B2F /* AppDelegate.swift */ = {isa = PBXFileReference; lastKnownFileType = sourcecode.swift; path = AppDelegate.swift; sourceTree = "<group>"; };
		A3714E3F2156A2CB00416B2F /* ViewController.swift */ = {isa = PBXFileReference; lastKnownFileType = sourcecode.swift; path = ViewController.swift; sourceTree = "<group>"; };
		A3714E422156A2CB00416B2F /* Base */ = {isa = PBXFileReference; lastKnownFileType = file.storyboard; name = Base; path = Base.lproj/Main.storyboard; sourceTree = "<group>"; };
		A3714E442156A2CE00416B2F /* Assets.xcassets */ = {isa = PBXFileReference; lastKnownFileType = folder.assetcatalog; path = Assets.xcassets; sourceTree = "<group>"; };
		A3714E472156A2CE00416B2F /* Base */ = {isa = PBXFileReference; lastKnownFileType = file.storyboard; name = Base; path = Base.lproj/LaunchScreen.storyboard; sourceTree = "<group>"; };
		A3714E492156A2CE00416B2F /* Info.plist */ = {isa = PBXFileReference; lastKnownFileType = text.plist.xml; path = Info.plist; sourceTree = "<group>"; };
		A3714E4E2156A2CE00416B2F /* PennLabsDiningTests.xctest */ = {isa = PBXFileReference; explicitFileType = wrapper.cfbundle; includeInIndex = 0; path = PennLabsDiningTests.xctest; sourceTree = BUILT_PRODUCTS_DIR; };
		A3714E522156A2CE00416B2F /* PennLabsDiningTests.swift */ = {isa = PBXFileReference; lastKnownFileType = sourcecode.swift; path = PennLabsDiningTests.swift; sourceTree = "<group>"; };
		A3714E542156A2CE00416B2F /* Info.plist */ = {isa = PBXFileReference; lastKnownFileType = text.plist.xml; path = Info.plist; sourceTree = "<group>"; };
		A3714E592156A2CE00416B2F /* PennLabsDiningUITests.xctest */ = {isa = PBXFileReference; explicitFileType = wrapper.cfbundle; includeInIndex = 0; path = PennLabsDiningUITests.xctest; sourceTree = BUILT_PRODUCTS_DIR; };
		A3714E5D2156A2CE00416B2F /* PennLabsDiningUITests.swift */ = {isa = PBXFileReference; lastKnownFileType = sourcecode.swift; path = PennLabsDiningUITests.swift; sourceTree = "<group>"; };
		A3714E5F2156A2CE00416B2F /* Info.plist */ = {isa = PBXFileReference; lastKnownFileType = text.plist.xml; path = Info.plist; sourceTree = "<group>"; };
		A3AF4A7621570DDC00AB1A2C /* GymTableViewCell.swift */ = {isa = PBXFileReference; lastKnownFileType = sourcecode.swift; path = GymTableViewCell.swift; sourceTree = "<group>"; };
		A3AF4A782158414400AB1A2C /* climbing.jpg */ = {isa = PBXFileReference; lastKnownFileType = image.jpeg; path = climbing.jpg; sourceTree = "<group>"; };
		A3AF4A792158414400AB1A2C /* sheerr.jpg */ = {isa = PBXFileReference; lastKnownFileType = image.jpeg; path = sheerr.jpg; sourceTree = "<group>"; };
		A3AF4A7A2158414400AB1A2C /* ringe.jpg */ = {isa = PBXFileReference; lastKnownFileType = image.jpeg; path = ringe.jpg; sourceTree = "<group>"; };
		A3AF4A7B2158414400AB1A2C /* rockwell.jpg */ = {isa = PBXFileReference; lastKnownFileType = image.jpeg; path = rockwell.jpg; sourceTree = "<group>"; };
		A3AF4A7C2158414400AB1A2C /* fox.jpg */ = {isa = PBXFileReference; lastKnownFileType = image.jpeg; path = fox.jpg; sourceTree = "<group>"; };
		B278A7E0A33F62534C504B3B /* Pods-PennLabsDiningUITests.debug.xcconfig */ = {isa = PBXFileReference; includeInIndex = 1; lastKnownFileType = text.xcconfig; name = "Pods-PennLabsDiningUITests.debug.xcconfig"; path = "Pods/Target Support Files/Pods-PennLabsDiningUITests/Pods-PennLabsDiningUITests.debug.xcconfig"; sourceTree = "<group>"; };
		D3B687D81D0425E8E4ED5CF2 /* Pods_PennLabsDining.framework */ = {isa = PBXFileReference; explicitFileType = wrapper.framework; includeInIndex = 0; path = Pods_PennLabsDining.framework; sourceTree = BUILT_PRODUCTS_DIR; };
		D473FCA22ADD5AAE315D98C5 /* Pods_PennLabsDiningUITests.framework */ = {isa = PBXFileReference; explicitFileType = wrapper.framework; includeInIndex = 0; path = Pods_PennLabsDiningUITests.framework; sourceTree = BUILT_PRODUCTS_DIR; };
		E1487466050A53F84DCECEE9 /* Pods-PennLabsDining.debug.xcconfig */ = {isa = PBXFileReference; includeInIndex = 1; lastKnownFileType = text.xcconfig; name = "Pods-PennLabsDining.debug.xcconfig"; path = "Pods/Target Support Files/Pods-PennLabsDining/Pods-PennLabsDining.debug.xcconfig"; sourceTree = "<group>"; };
		FC6288FE70023EDB09B38C8F /* Pods-PennLabsDiningTests.debug.xcconfig */ = {isa = PBXFileReference; includeInIndex = 1; lastKnownFileType = text.xcconfig; name = "Pods-PennLabsDiningTests.debug.xcconfig"; path = "Pods/Target Support Files/Pods-PennLabsDiningTests/Pods-PennLabsDiningTests.debug.xcconfig"; sourceTree = "<group>"; };
/* End PBXFileReference section */

/* Begin PBXFrameworksBuildPhase section */
		A3714E372156A2CB00416B2F /* Frameworks */ = {
			isa = PBXFrameworksBuildPhase;
			buildActionMask = 2147483647;
			files = (
				18E488B38433798E8DA3CD6F /* Pods_PennLabsDining.framework in Frameworks */,
			);
			runOnlyForDeploymentPostprocessing = 0;
		};
		A3714E4B2156A2CE00416B2F /* Frameworks */ = {
			isa = PBXFrameworksBuildPhase;
			buildActionMask = 2147483647;
			files = (
				E46F00C09D03FD7937862B51 /* Pods_PennLabsDiningTests.framework in Frameworks */,
			);
			runOnlyForDeploymentPostprocessing = 0;
		};
		A3714E562156A2CE00416B2F /* Frameworks */ = {
			isa = PBXFrameworksBuildPhase;
			buildActionMask = 2147483647;
			files = (
				8177890625050F6656A2E620 /* Pods_PennLabsDiningUITests.framework in Frameworks */,
			);
			runOnlyForDeploymentPostprocessing = 0;
		};
/* End PBXFrameworksBuildPhase section */

/* Begin PBXGroup section */
		A3714E312156A2CB00416B2F = {
			isa = PBXGroup;
			children = (
				A3714E3C2156A2CB00416B2F /* PennLabsDining */,
				A3714E512156A2CE00416B2F /* PennLabsDiningTests */,
				A3714E5C2156A2CE00416B2F /* PennLabsDiningUITests */,
				A3714E3B2156A2CB00416B2F /* Products */,
				AEF2F8B5FC381915C979C1B6 /* Pods */,
				AD9981037BAE3E4C6C001C94 /* Frameworks */,
			);
			sourceTree = "<group>";
		};
		A3714E3B2156A2CB00416B2F /* Products */ = {
			isa = PBXGroup;
			children = (
				A3714E3A2156A2CB00416B2F /* PennLabsDining.app */,
				A3714E4E2156A2CE00416B2F /* PennLabsDiningTests.xctest */,
				A3714E592156A2CE00416B2F /* PennLabsDiningUITests.xctest */,
			);
			name = Products;
			sourceTree = "<group>";
		};
		A3714E3C2156A2CB00416B2F /* PennLabsDining */ = {
			isa = PBXGroup;
			children = (
				A3714E3D2156A2CB00416B2F /* AppDelegate.swift */,
				A3714E3F2156A2CB00416B2F /* ViewController.swift */,
				A3AF4A7621570DDC00AB1A2C /* GymTableViewCell.swift */,
				A3714E412156A2CB00416B2F /* Main.storyboard */,
				A3AF4A782158414400AB1A2C /* climbing.jpg */,
				A3AF4A7C2158414400AB1A2C /* fox.jpg */,
				A3AF4A7A2158414400AB1A2C /* ringe.jpg */,
				A3AF4A7B2158414400AB1A2C /* rockwell.jpg */,
				A3AF4A792158414400AB1A2C /* sheerr.jpg */,
				A3714E442156A2CE00416B2F /* Assets.xcassets */,
				A3714E462156A2CE00416B2F /* LaunchScreen.storyboard */,
				A3714E492156A2CE00416B2F /* Info.plist */,
			);
			path = PennLabsDining;
			sourceTree = "<group>";
		};
		A3714E512156A2CE00416B2F /* PennLabsDiningTests */ = {
			isa = PBXGroup;
			children = (
				A3714E522156A2CE00416B2F /* PennLabsDiningTests.swift */,
				A3714E542156A2CE00416B2F /* Info.plist */,
			);
			path = PennLabsDiningTests;
			sourceTree = "<group>";
		};
		A3714E5C2156A2CE00416B2F /* PennLabsDiningUITests */ = {
			isa = PBXGroup;
			children = (
				A3714E5D2156A2CE00416B2F /* PennLabsDiningUITests.swift */,
				A3714E5F2156A2CE00416B2F /* Info.plist */,
			);
			path = PennLabsDiningUITests;
			sourceTree = "<group>";
		};
		AD9981037BAE3E4C6C001C94 /* Frameworks */ = {
			isa = PBXGroup;
			children = (
				D3B687D81D0425E8E4ED5CF2 /* Pods_PennLabsDining.framework */,
				700A88079236AE74B7F076D8 /* Pods_PennLabsDiningTests.framework */,
				D473FCA22ADD5AAE315D98C5 /* Pods_PennLabsDiningUITests.framework */,
			);
			name = Frameworks;
			sourceTree = "<group>";
		};
		AEF2F8B5FC381915C979C1B6 /* Pods */ = {
			isa = PBXGroup;
			children = (
				E1487466050A53F84DCECEE9 /* Pods-PennLabsDining.debug.xcconfig */,
				334BDA14EF76CC814837CD1E /* Pods-PennLabsDining.release.xcconfig */,
				FC6288FE70023EDB09B38C8F /* Pods-PennLabsDiningTests.debug.xcconfig */,
				098367CE775477F6942EA410 /* Pods-PennLabsDiningTests.release.xcconfig */,
				B278A7E0A33F62534C504B3B /* Pods-PennLabsDiningUITests.debug.xcconfig */,
				25C59CA3D84B815240B9F241 /* Pods-PennLabsDiningUITests.release.xcconfig */,
			);
			name = Pods;
			sourceTree = "<group>";
		};
/* End PBXGroup section */

/* Begin PBXNativeTarget section */
		A3714E392156A2CB00416B2F /* PennLabsDining */ = {
			isa = PBXNativeTarget;
			buildConfigurationList = A3714E622156A2CE00416B2F /* Build configuration list for PBXNativeTarget "PennLabsDining" */;
			buildPhases = (
				968C0ECA5F3286B747E11F1B /* [CP] Check Pods Manifest.lock */,
				A3714E362156A2CB00416B2F /* Sources */,
				A3714E372156A2CB00416B2F /* Frameworks */,
				A3714E382156A2CB00416B2F /* Resources */,
				EE5388F191067BDAC9E9D0BD /* [CP] Embed Pods Frameworks */,
			);
			buildRules = (
			);
			dependencies = (
			);
			name = PennLabsDining;
			productName = PennLabsDining;
			productReference = A3714E3A2156A2CB00416B2F /* PennLabsDining.app */;
			productType = "com.apple.product-type.application";
		};
		A3714E4D2156A2CE00416B2F /* PennLabsDiningTests */ = {
			isa = PBXNativeTarget;
			buildConfigurationList = A3714E652156A2CE00416B2F /* Build configuration list for PBXNativeTarget "PennLabsDiningTests" */;
			buildPhases = (
				EB9AC460EF7876349A8F5891 /* [CP] Check Pods Manifest.lock */,
				A3714E4A2156A2CE00416B2F /* Sources */,
				A3714E4B2156A2CE00416B2F /* Frameworks */,
				A3714E4C2156A2CE00416B2F /* Resources */,
			);
			buildRules = (
			);
			dependencies = (
				A3714E502156A2CE00416B2F /* PBXTargetDependency */,
			);
			name = PennLabsDiningTests;
			productName = PennLabsDiningTests;
			productReference = A3714E4E2156A2CE00416B2F /* PennLabsDiningTests.xctest */;
			productType = "com.apple.product-type.bundle.unit-test";
		};
		A3714E582156A2CE00416B2F /* PennLabsDiningUITests */ = {
			isa = PBXNativeTarget;
			buildConfigurationList = A3714E682156A2CE00416B2F /* Build configuration list for PBXNativeTarget "PennLabsDiningUITests" */;
			buildPhases = (
				422A4420400D113316DF01BB /* [CP] Check Pods Manifest.lock */,
				A3714E552156A2CE00416B2F /* Sources */,
				A3714E562156A2CE00416B2F /* Frameworks */,
				A3714E572156A2CE00416B2F /* Resources */,
			);
			buildRules = (
			);
			dependencies = (
				A3714E5B2156A2CE00416B2F /* PBXTargetDependency */,
			);
			name = PennLabsDiningUITests;
			productName = PennLabsDiningUITests;
			productReference = A3714E592156A2CE00416B2F /* PennLabsDiningUITests.xctest */;
			productType = "com.apple.product-type.bundle.ui-testing";
		};
/* End PBXNativeTarget section */

/* Begin PBXProject section */
		A3714E322156A2CB00416B2F /* Project object */ = {
			isa = PBXProject;
			attributes = {
				LastSwiftUpdateCheck = 0940;
				LastUpgradeCheck = 0940;
				ORGANIZATIONNAME = "William Leimberger";
				TargetAttributes = {
					A3714E392156A2CB00416B2F = {
						CreatedOnToolsVersion = 9.4.1;
					};
					A3714E4D2156A2CE00416B2F = {
						CreatedOnToolsVersion = 9.4.1;
						TestTargetID = A3714E392156A2CB00416B2F;
					};
					A3714E582156A2CE00416B2F = {
						CreatedOnToolsVersion = 9.4.1;
						TestTargetID = A3714E392156A2CB00416B2F;
					};
				};
			};
			buildConfigurationList = A3714E352156A2CB00416B2F /* Build configuration list for PBXProject "PennLabsDining" */;
			compatibilityVersion = "Xcode 9.3";
			developmentRegion = en;
			hasScannedForEncodings = 0;
			knownRegions = (
				en,
				Base,
			);
			mainGroup = A3714E312156A2CB00416B2F;
			productRefGroup = A3714E3B2156A2CB00416B2F /* Products */;
			projectDirPath = "";
			projectRoot = "";
			targets = (
				A3714E392156A2CB00416B2F /* PennLabsDining */,
				A3714E4D2156A2CE00416B2F /* PennLabsDiningTests */,
				A3714E582156A2CE00416B2F /* PennLabsDiningUITests */,
			);
		};
/* End PBXProject section */

/* Begin PBXResourcesBuildPhase section */
		A3714E382156A2CB00416B2F /* Resources */ = {
			isa = PBXResourcesBuildPhase;
			buildActionMask = 2147483647;
			files = (
				A3AF4A7E2158414400AB1A2C /* sheerr.jpg in Resources */,
				A3AF4A7D2158414400AB1A2C /* climbing.jpg in Resources */,
				A3714E482156A2CE00416B2F /* LaunchScreen.storyboard in Resources */,
				A3AF4A812158414400AB1A2C /* fox.jpg in Resources */,
				A3AF4A7F2158414400AB1A2C /* ringe.jpg in Resources */,
				A3714E452156A2CE00416B2F /* Assets.xcassets in Resources */,
				A3AF4A802158414400AB1A2C /* rockwell.jpg in Resources */,
				A3714E432156A2CB00416B2F /* Main.storyboard in Resources */,
			);
			runOnlyForDeploymentPostprocessing = 0;
		};
		A3714E4C2156A2CE00416B2F /* Resources */ = {
			isa = PBXResourcesBuildPhase;
			buildActionMask = 2147483647;
			files = (
			);
			runOnlyForDeploymentPostprocessing = 0;
		};
		A3714E572156A2CE00416B2F /* Resources */ = {
			isa = PBXResourcesBuildPhase;
			buildActionMask = 2147483647;
			files = (
			);
			runOnlyForDeploymentPostprocessing = 0;
		};
/* End PBXResourcesBuildPhase section */

/* Begin PBXShellScriptBuildPhase section */
		422A4420400D113316DF01BB /* [CP] Check Pods Manifest.lock */ = {
			isa = PBXShellScriptBuildPhase;
			buildActionMask = 2147483647;
			files = (
			);
			inputFileListPaths = (
			);
			inputPaths = (
				"${PODS_PODFILE_DIR_PATH}/Podfile.lock",
				"${PODS_ROOT}/Manifest.lock",
			);
			name = "[CP] Check Pods Manifest.lock";
			outputFileListPaths = (
			);
			outputPaths = (
				"$(DERIVED_FILE_DIR)/Pods-PennLabsDiningUITests-checkManifestLockResult.txt",
			);
			runOnlyForDeploymentPostprocessing = 0;
			shellPath = /bin/sh;
			shellScript = "diff \"${PODS_PODFILE_DIR_PATH}/Podfile.lock\" \"${PODS_ROOT}/Manifest.lock\" > /dev/null\nif [ $? != 0 ] ; then\n    # print error to STDERR\n    echo \"error: The sandbox is not in sync with the Podfile.lock. Run 'pod install' or update your CocoaPods installation.\" >&2\n    exit 1\nfi\n# This output is used by Xcode 'outputs' to avoid re-running this script phase.\necho \"SUCCESS\" > \"${SCRIPT_OUTPUT_FILE_0}\"\n";
			showEnvVarsInLog = 0;
		};
		968C0ECA5F3286B747E11F1B /* [CP] Check Pods Manifest.lock */ = {
			isa = PBXShellScriptBuildPhase;
			buildActionMask = 2147483647;
			files = (
			);
			inputFileListPaths = (
			);
			inputPaths = (
				"${PODS_PODFILE_DIR_PATH}/Podfile.lock",
				"${PODS_ROOT}/Manifest.lock",
			);
			name = "[CP] Check Pods Manifest.lock";
			outputFileListPaths = (
			);
			outputPaths = (
				"$(DERIVED_FILE_DIR)/Pods-PennLabsDining-checkManifestLockResult.txt",
			);
			runOnlyForDeploymentPostprocessing = 0;
			shellPath = /bin/sh;
			shellScript = "diff \"${PODS_PODFILE_DIR_PATH}/Podfile.lock\" \"${PODS_ROOT}/Manifest.lock\" > /dev/null\nif [ $? != 0 ] ; then\n    # print error to STDERR\n    echo \"error: The sandbox is not in sync with the Podfile.lock. Run 'pod install' or update your CocoaPods installation.\" >&2\n    exit 1\nfi\n# This output is used by Xcode 'outputs' to avoid re-running this script phase.\necho \"SUCCESS\" > \"${SCRIPT_OUTPUT_FILE_0}\"\n";
			showEnvVarsInLog = 0;
		};
		EB9AC460EF7876349A8F5891 /* [CP] Check Pods Manifest.lock */ = {
			isa = PBXShellScriptBuildPhase;
			buildActionMask = 2147483647;
			files = (
			);
			inputFileListPaths = (
			);
			inputPaths = (
				"${PODS_PODFILE_DIR_PATH}/Podfile.lock",
				"${PODS_ROOT}/Manifest.lock",
			);
			name = "[CP] Check Pods Manifest.lock";
			outputFileListPaths = (
			);
			outputPaths = (
				"$(DERIVED_FILE_DIR)/Pods-PennLabsDiningTests-checkManifestLockResult.txt",
			);
			runOnlyForDeploymentPostprocessing = 0;
			shellPath = /bin/sh;
			shellScript = "diff \"${PODS_PODFILE_DIR_PATH}/Podfile.lock\" \"${PODS_ROOT}/Manifest.lock\" > /dev/null\nif [ $? != 0 ] ; then\n    # print error to STDERR\n    echo \"error: The sandbox is not in sync with the Podfile.lock. Run 'pod install' or update your CocoaPods installation.\" >&2\n    exit 1\nfi\n# This output is used by Xcode 'outputs' to avoid re-running this script phase.\necho \"SUCCESS\" > \"${SCRIPT_OUTPUT_FILE_0}\"\n";
			showEnvVarsInLog = 0;
		};
		EE5388F191067BDAC9E9D0BD /* [CP] Embed Pods Frameworks */ = {
			isa = PBXShellScriptBuildPhase;
			buildActionMask = 2147483647;
			files = (
			);
			inputFileListPaths = (
			);
			inputPaths = (
				"${SRCROOT}/Pods/Target Support Files/Pods-PennLabsDining/Pods-PennLabsDining-frameworks.sh",
				"${BUILT_PRODUCTS_DIR}/Alamofire/Alamofire.framework",
			);
			name = "[CP] Embed Pods Frameworks";
			outputFileListPaths = (
			);
			outputPaths = (
				"${TARGET_BUILD_DIR}/${FRAMEWORKS_FOLDER_PATH}/Alamofire.framework",
			);
			runOnlyForDeploymentPostprocessing = 0;
			shellPath = /bin/sh;
			shellScript = "\"${SRCROOT}/Pods/Target Support Files/Pods-PennLabsDining/Pods-PennLabsDining-frameworks.sh\"\n";
			showEnvVarsInLog = 0;
		};
/* End PBXShellScriptBuildPhase section */

/* Begin PBXSourcesBuildPhase section */
		A3714E362156A2CB00416B2F /* Sources */ = {
			isa = PBXSourcesBuildPhase;
			buildActionMask = 2147483647;
			files = (
				A3714E402156A2CB00416B2F /* ViewController.swift in Sources */,
				A3714E3E2156A2CB00416B2F /* AppDelegate.swift in Sources */,
				A3AF4A7721570DDC00AB1A2C /* GymTableViewCell.swift in Sources */,
			);
			runOnlyForDeploymentPostprocessing = 0;
		};
		A3714E4A2156A2CE00416B2F /* Sources */ = {
			isa = PBXSourcesBuildPhase;
			buildActionMask = 2147483647;
			files = (
				A3714E532156A2CE00416B2F /* PennLabsDiningTests.swift in Sources */,
			);
			runOnlyForDeploymentPostprocessing = 0;
		};
		A3714E552156A2CE00416B2F /* Sources */ = {
			isa = PBXSourcesBuildPhase;
			buildActionMask = 2147483647;
			files = (
				A3714E5E2156A2CE00416B2F /* PennLabsDiningUITests.swift in Sources */,
			);
			runOnlyForDeploymentPostprocessing = 0;
		};
/* End PBXSourcesBuildPhase section */

/* Begin PBXTargetDependency section */
		A3714E502156A2CE00416B2F /* PBXTargetDependency */ = {
			isa = PBXTargetDependency;
			target = A3714E392156A2CB00416B2F /* PennLabsDining */;
			targetProxy = A3714E4F2156A2CE00416B2F /* PBXContainerItemProxy */;
		};
		A3714E5B2156A2CE00416B2F /* PBXTargetDependency */ = {
			isa = PBXTargetDependency;
			target = A3714E392156A2CB00416B2F /* PennLabsDining */;
			targetProxy = A3714E5A2156A2CE00416B2F /* PBXContainerItemProxy */;
		};
/* End PBXTargetDependency section */

/* Begin PBXVariantGroup section */
		A3714E412156A2CB00416B2F /* Main.storyboard */ = {
			isa = PBXVariantGroup;
			children = (
				A3714E422156A2CB00416B2F /* Base */,
			);
			name = Main.storyboard;
			sourceTree = "<group>";
		};
		A3714E462156A2CE00416B2F /* LaunchScreen.storyboard */ = {
			isa = PBXVariantGroup;
			children = (
				A3714E472156A2CE00416B2F /* Base */,
			);
			name = LaunchScreen.storyboard;
			sourceTree = "<group>";
		};
/* End PBXVariantGroup section */

/* Begin XCBuildConfiguration section */
		A3714E602156A2CE00416B2F /* Debug */ = {
			isa = XCBuildConfiguration;
			buildSettings = {
				ALWAYS_SEARCH_USER_PATHS = NO;
				CLANG_ANALYZER_NONNULL = YES;
				CLANG_ANALYZER_NUMBER_OBJECT_CONVERSION = YES_AGGRESSIVE;
				CLANG_CXX_LANGUAGE_STANDARD = "gnu++14";
				CLANG_CXX_LIBRARY = "libc++";
				CLANG_ENABLE_MODULES = YES;
				CLANG_ENABLE_OBJC_ARC = YES;
				CLANG_ENABLE_OBJC_WEAK = YES;
				CLANG_WARN_BLOCK_CAPTURE_AUTORELEASING = YES;
				CLANG_WARN_BOOL_CONVERSION = YES;
				CLANG_WARN_COMMA = YES;
				CLANG_WARN_CONSTANT_CONVERSION = YES;
				CLANG_WARN_DEPRECATED_OBJC_IMPLEMENTATIONS = YES;
				CLANG_WARN_DIRECT_OBJC_ISA_USAGE = YES_ERROR;
				CLANG_WARN_DOCUMENTATION_COMMENTS = YES;
				CLANG_WARN_EMPTY_BODY = YES;
				CLANG_WARN_ENUM_CONVERSION = YES;
				CLANG_WARN_INFINITE_RECURSION = YES;
				CLANG_WARN_INT_CONVERSION = YES;
				CLANG_WARN_NON_LITERAL_NULL_CONVERSION = YES;
				CLANG_WARN_OBJC_IMPLICIT_RETAIN_SELF = YES;
				CLANG_WARN_OBJC_LITERAL_CONVERSION = YES;
				CLANG_WARN_OBJC_ROOT_CLASS = YES_ERROR;
				CLANG_WARN_RANGE_LOOP_ANALYSIS = YES;
				CLANG_WARN_STRICT_PROTOTYPES = YES;
				CLANG_WARN_SUSPICIOUS_MOVE = YES;
				CLANG_WARN_UNGUARDED_AVAILABILITY = YES_AGGRESSIVE;
				CLANG_WARN_UNREACHABLE_CODE = YES;
				CLANG_WARN__DUPLICATE_METHOD_MATCH = YES;
				CODE_SIGN_IDENTITY = "iPhone Developer";
				COPY_PHASE_STRIP = NO;
				DEBUG_INFORMATION_FORMAT = dwarf;
				ENABLE_STRICT_OBJC_MSGSEND = YES;
				ENABLE_TESTABILITY = YES;
				GCC_C_LANGUAGE_STANDARD = gnu11;
				GCC_DYNAMIC_NO_PIC = NO;
				GCC_NO_COMMON_BLOCKS = YES;
				GCC_OPTIMIZATION_LEVEL = 0;
				GCC_PREPROCESSOR_DEFINITIONS = (
					"DEBUG=1",
					"$(inherited)",
				);
				GCC_WARN_64_TO_32_BIT_CONVERSION = YES;
				GCC_WARN_ABOUT_RETURN_TYPE = YES_ERROR;
				GCC_WARN_UNDECLARED_SELECTOR = YES;
				GCC_WARN_UNINITIALIZED_AUTOS = YES_AGGRESSIVE;
				GCC_WARN_UNUSED_FUNCTION = YES;
				GCC_WARN_UNUSED_VARIABLE = YES;
				IPHONEOS_DEPLOYMENT_TARGET = 11.4;
				MTL_ENABLE_DEBUG_INFO = YES;
				ONLY_ACTIVE_ARCH = YES;
				SDKROOT = iphoneos;
				SWIFT_ACTIVE_COMPILATION_CONDITIONS = DEBUG;
				SWIFT_OPTIMIZATION_LEVEL = "-Onone";
			};
			name = Debug;
		};
		A3714E612156A2CE00416B2F /* Release */ = {
			isa = XCBuildConfiguration;
			buildSettings = {
				ALWAYS_SEARCH_USER_PATHS = NO;
				CLANG_ANALYZER_NONNULL = YES;
				CLANG_ANALYZER_NUMBER_OBJECT_CONVERSION = YES_AGGRESSIVE;
				CLANG_CXX_LANGUAGE_STANDARD = "gnu++14";
				CLANG_CXX_LIBRARY = "libc++";
				CLANG_ENABLE_MODULES = YES;
				CLANG_ENABLE_OBJC_ARC = YES;
				CLANG_ENABLE_OBJC_WEAK = YES;
				CLANG_WARN_BLOCK_CAPTURE_AUTORELEASING = YES;
				CLANG_WARN_BOOL_CONVERSION = YES;
				CLANG_WARN_COMMA = YES;
				CLANG_WARN_CONSTANT_CONVERSION = YES;
				CLANG_WARN_DEPRECATED_OBJC_IMPLEMENTATIONS = YES;
				CLANG_WARN_DIRECT_OBJC_ISA_USAGE = YES_ERROR;
				CLANG_WARN_DOCUMENTATION_COMMENTS = YES;
				CLANG_WARN_EMPTY_BODY = YES;
				CLANG_WARN_ENUM_CONVERSION = YES;
				CLANG_WARN_INFINITE_RECURSION = YES;
				CLANG_WARN_INT_CONVERSION = YES;
				CLANG_WARN_NON_LITERAL_NULL_CONVERSION = YES;
				CLANG_WARN_OBJC_IMPLICIT_RETAIN_SELF = YES;
				CLANG_WARN_OBJC_LITERAL_CONVERSION = YES;
				CLANG_WARN_OBJC_ROOT_CLASS = YES_ERROR;
				CLANG_WARN_RANGE_LOOP_ANALYSIS = YES;
				CLANG_WARN_STRICT_PROTOTYPES = YES;
				CLANG_WARN_SUSPICIOUS_MOVE = YES;
				CLANG_WARN_UNGUARDED_AVAILABILITY = YES_AGGRESSIVE;
				CLANG_WARN_UNREACHABLE_CODE = YES;
				CLANG_WARN__DUPLICATE_METHOD_MATCH = YES;
				CODE_SIGN_IDENTITY = "iPhone Developer";
				COPY_PHASE_STRIP = NO;
				DEBUG_INFORMATION_FORMAT = "dwarf-with-dsym";
				ENABLE_NS_ASSERTIONS = NO;
				ENABLE_STRICT_OBJC_MSGSEND = YES;
				GCC_C_LANGUAGE_STANDARD = gnu11;
				GCC_NO_COMMON_BLOCKS = YES;
				GCC_WARN_64_TO_32_BIT_CONVERSION = YES;
				GCC_WARN_ABOUT_RETURN_TYPE = YES_ERROR;
				GCC_WARN_UNDECLARED_SELECTOR = YES;
				GCC_WARN_UNINITIALIZED_AUTOS = YES_AGGRESSIVE;
				GCC_WARN_UNUSED_FUNCTION = YES;
				GCC_WARN_UNUSED_VARIABLE = YES;
				IPHONEOS_DEPLOYMENT_TARGET = 11.4;
				MTL_ENABLE_DEBUG_INFO = NO;
				SDKROOT = iphoneos;
				SWIFT_COMPILATION_MODE = wholemodule;
				SWIFT_OPTIMIZATION_LEVEL = "-O";
				VALIDATE_PRODUCT = YES;
			};
			name = Release;
		};
		A3714E632156A2CE00416B2F /* Debug */ = {
			isa = XCBuildConfiguration;
			baseConfigurationReference = E1487466050A53F84DCECEE9 /* Pods-PennLabsDining.debug.xcconfig */;
			buildSettings = {
				ASSETCATALOG_COMPILER_APPICON_NAME = AppIcon;
				CODE_SIGN_STYLE = Automatic;
				DEVELOPMENT_TEAM = K6PK9457VC;
				INFOPLIST_FILE = PennLabsDining/Info.plist;
				LD_RUNPATH_SEARCH_PATHS = (
					"$(inherited)",
					"@executable_path/Frameworks",
				);
				PRODUCT_BUNDLE_IDENTIFIER = bleim.PennLabsDining;
				PRODUCT_NAME = "$(TARGET_NAME)";
				SWIFT_VERSION = 4.0;
				TARGETED_DEVICE_FAMILY = "1,2";
			};
			name = Debug;
		};
		A3714E642156A2CE00416B2F /* Release */ = {
			isa = XCBuildConfiguration;
			baseConfigurationReference = 334BDA14EF76CC814837CD1E /* Pods-PennLabsDining.release.xcconfig */;
			buildSettings = {
				ASSETCATALOG_COMPILER_APPICON_NAME = AppIcon;
				CODE_SIGN_STYLE = Automatic;
				DEVELOPMENT_TEAM = K6PK9457VC;
				INFOPLIST_FILE = PennLabsDining/Info.plist;
				LD_RUNPATH_SEARCH_PATHS = (
					"$(inherited)",
					"@executable_path/Frameworks",
				);
				PRODUCT_BUNDLE_IDENTIFIER = bleim.PennLabsDining;
				PRODUCT_NAME = "$(TARGET_NAME)";
				SWIFT_VERSION = 4.0;
				TARGETED_DEVICE_FAMILY = "1,2";
			};
			name = Release;
		};
		A3714E662156A2CE00416B2F /* Debug */ = {
			isa = XCBuildConfiguration;
			baseConfigurationReference = FC6288FE70023EDB09B38C8F /* Pods-PennLabsDiningTests.debug.xcconfig */;
			buildSettings = {
				ALWAYS_EMBED_SWIFT_STANDARD_LIBRARIES = YES;
				BUNDLE_LOADER = "$(TEST_HOST)";
				CODE_SIGN_STYLE = Automatic;
				DEVELOPMENT_TEAM = K6PK9457VC;
				INFOPLIST_FILE = PennLabsDiningTests/Info.plist;
				LD_RUNPATH_SEARCH_PATHS = (
					"$(inherited)",
					"@executable_path/Frameworks",
					"@loader_path/Frameworks",
				);
				PRODUCT_BUNDLE_IDENTIFIER = bleim.PennLabsDiningTests;
				PRODUCT_NAME = "$(TARGET_NAME)";
				SWIFT_VERSION = 4.0;
				TARGETED_DEVICE_FAMILY = "1,2";
				TEST_HOST = "$(BUILT_PRODUCTS_DIR)/PennLabsDining.app/PennLabsDining";
			};
			name = Debug;
		};
		A3714E672156A2CE00416B2F /* Release */ = {
			isa = XCBuildConfiguration;
			baseConfigurationReference = 098367CE775477F6942EA410 /* Pods-PennLabsDiningTests.release.xcconfig */;
			buildSettings = {
				ALWAYS_EMBED_SWIFT_STANDARD_LIBRARIES = YES;
				BUNDLE_LOADER = "$(TEST_HOST)";
				CODE_SIGN_STYLE = Automatic;
				DEVELOPMENT_TEAM = K6PK9457VC;
				INFOPLIST_FILE = PennLabsDiningTests/Info.plist;
				LD_RUNPATH_SEARCH_PATHS = (
					"$(inherited)",
					"@executable_path/Frameworks",
					"@loader_path/Frameworks",
				);
				PRODUCT_BUNDLE_IDENTIFIER = bleim.PennLabsDiningTests;
				PRODUCT_NAME = "$(TARGET_NAME)";
				SWIFT_VERSION = 4.0;
				TARGETED_DEVICE_FAMILY = "1,2";
				TEST_HOST = "$(BUILT_PRODUCTS_DIR)/PennLabsDining.app/PennLabsDining";
			};
			name = Release;
		};
		A3714E692156A2CE00416B2F /* Debug */ = {
			isa = XCBuildConfiguration;
			baseConfigurationReference = B278A7E0A33F62534C504B3B /* Pods-PennLabsDiningUITests.debug.xcconfig */;
			buildSettings = {
				ALWAYS_EMBED_SWIFT_STANDARD_LIBRARIES = YES;
				CODE_SIGN_STYLE = Automatic;
				DEVELOPMENT_TEAM = K6PK9457VC;
				INFOPLIST_FILE = PennLabsDiningUITests/Info.plist;
				LD_RUNPATH_SEARCH_PATHS = (
					"$(inherited)",
					"@executable_path/Frameworks",
					"@loader_path/Frameworks",
				);
				PRODUCT_BUNDLE_IDENTIFIER = bleim.PennLabsDiningUITests;
				PRODUCT_NAME = "$(TARGET_NAME)";
				SWIFT_VERSION = 4.0;
				TARGETED_DEVICE_FAMILY = "1,2";
				TEST_TARGET_NAME = PennLabsDining;
			};
			name = Debug;
		};
		A3714E6A2156A2CE00416B2F /* Release */ = {
			isa = XCBuildConfiguration;
			baseConfigurationReference = 25C59CA3D84B815240B9F241 /* Pods-PennLabsDiningUITests.release.xcconfig */;
			buildSettings = {
				ALWAYS_EMBED_SWIFT_STANDARD_LIBRARIES = YES;
				CODE_SIGN_STYLE = Automatic;
				DEVELOPMENT_TEAM = K6PK9457VC;
				INFOPLIST_FILE = PennLabsDiningUITests/Info.plist;
				LD_RUNPATH_SEARCH_PATHS = (
					"$(inherited)",
					"@executable_path/Frameworks",
					"@loader_path/Frameworks",
				);
				PRODUCT_BUNDLE_IDENTIFIER = bleim.PennLabsDiningUITests;
				PRODUCT_NAME = "$(TARGET_NAME)";
				SWIFT_VERSION = 4.0;
				TARGETED_DEVICE_FAMILY = "1,2";
				TEST_TARGET_NAME = PennLabsDining;
			};
			name = Release;
		};
/* End XCBuildConfiguration section */

/* Begin XCConfigurationList section */
		A3714E352156A2CB00416B2F /* Build configuration list for PBXProject "PennLabsDining" */ = {
			isa = XCConfigurationList;
			buildConfigurations = (
				A3714E602156A2CE00416B2F /* Debug */,
				A3714E612156A2CE00416B2F /* Release */,
			);
			defaultConfigurationIsVisible = 0;
			defaultConfigurationName = Release;
		};
		A3714E622156A2CE00416B2F /* Build configuration list for PBXNativeTarget "PennLabsDining" */ = {
			isa = XCConfigurationList;
			buildConfigurations = (
				A3714E632156A2CE00416B2F /* Debug */,
				A3714E642156A2CE00416B2F /* Release */,
			);
			defaultConfigurationIsVisible = 0;
			defaultConfigurationName = Release;
		};
		A3714E652156A2CE00416B2F /* Build configuration list for PBXNativeTarget "PennLabsDiningTests" */ = {
			isa = XCConfigurationList;
			buildConfigurations = (
				A3714E662156A2CE00416B2F /* Debug */,
				A3714E672156A2CE00416B2F /* Release */,
			);
			defaultConfigurationIsVisible = 0;
			defaultConfigurationName = Release;
		};
		A3714E682156A2CE00416B2F /* Build configuration list for PBXNativeTarget "PennLabsDiningUITests" */ = {
			isa = XCConfigurationList;
			buildConfigurations = (
				A3714E692156A2CE00416B2F /* Debug */,
				A3714E6A2156A2CE00416B2F /* Release */,
			);
			defaultConfigurationIsVisible = 0;
			defaultConfigurationName = Release;
		};
/* End XCConfigurationList section */
	};
	rootObject = A3714E322156A2CB00416B2F /* Project object */;
}
